
Microsoft Visual Studio Solution File, Format Version 12.00
# Visual Studio Version 17
VisualStudioVersion = 17.6.33829.357
MinimumVisualStudioVersion = 10.0.40219.1
Project("{FAE04EC0-301F-11D3-BF4B-00C04F79EFBC}") = "RefitClientTest", "RefitClientTest\RefitClientTest.csproj", "{5AAD1774-BF84-4F3C-9D2E-9D654ABB0535}"
EndProject
Project("{FAE04EC0-301F-11D3-BF4B-00C04F79EFBC}") = "RefitClient", "RefitClient\RefitClient.csproj", "{4B4B9524-AFD2-4219-BC01-3D09A9E212C8}"
EndProject
Global
	GlobalSection(SolutionConfigurationPlatforms) = preSolution
		Debug|Any CPU = Debug|Any CPU
		Release|Any CPU = Release|Any CPU
	EndGlobalSection
	GlobalSection(ProjectConfigurationPlatforms) = postSolution
		{5AAD1774-BF84-4F3C-9D2E-9D654ABB0535}.Debug|Any CPU.ActiveCfg = Debug|Any CPU
		{5AAD1774-BF84-4F3C-9D2E-9D654ABB0535}.Debug|Any CPU.Build.0 = Debug|Any CPU
		{5AAD1774-BF84-4F3C-9D2E-9D654ABB0535}.Release|Any CPU.ActiveCfg = Release|Any CPU
		{5AAD1774-BF84-4F3C-9D2E-9D654ABB0535}.Release|Any CPU.Build.0 = Release|Any CPU
		{4B4B9524-AFD2-4219-BC01-3D09A9E212C8}.Debug|Any CPU.ActiveCfg = Debug|Any CPU
		{4B4B9524-AFD2-4219-BC01-3D09A9E212C8}.Debug|Any CPU.Build.0 = Debug|Any CPU
		{4B4B9524-AFD2-4219-BC01-3D09A9E212C8}.Release|Any CPU.ActiveCfg = Release|Any CPU
		{4B4B9524-AFD2-4219-BC01-3D09A9E212C8}.Release|Any CPU.Build.0 = Release|Any CPU
	EndGlobalSection
	GlobalSection(SolutionProperties) = preSolution
		HideSolutionNode = FALSE
	EndGlobalSection
	GlobalSection(ExtensibilityGlobals) = postSolution
		SolutionGuid = {0C87331F-3786-419C-89D2-7C1B2904383F}
	EndGlobalSection
EndGlobal
